
Microsoft Visual Studio Solution File, Format Version 12.00
# Visual Studio 2015
Project("{FAE04EC0-301F-11D3-BF4B-00C04F79EFBC}") = "SpaceX_Game.CSharp", "SpaceX_Game.CSharp.csproj", "{47C83394-0608-4A2C-6DAB-A552D5C7CD98}"
EndProject
Global
	GlobalSection(SolutionConfigurationPlatforms) = preSolution
		Debug|Any CPU = Debug|Any CPU
		Release|Any CPU = Release|Any CPU
	EndGlobalSection
	GlobalSection(ProjectConfigurationPlatforms) = postSolution
		{47C83394-0608-4A2C-6DAB-A552D5C7CD98}.Debug|Any CPU.ActiveCfg = Debug|Any CPU
		{47C83394-0608-4A2C-6DAB-A552D5C7CD98}.Debug|Any CPU.Build.0 = Debug|Any CPU
		{47C83394-0608-4A2C-6DAB-A552D5C7CD98}.Release|Any CPU.ActiveCfg = Release|Any CPU
		{47C83394-0608-4A2C-6DAB-A552D5C7CD98}.Release|Any CPU.Build.0 = Release|Any CPU
	EndGlobalSection
	GlobalSection(SolutionProperties) = preSolution
		HideSolutionNode = FALSE
	EndGlobalSection
EndGlobal
